
Microsoft Visual Studio Solution File, Format Version 12.00
# Visual Studio Version 16
VisualStudioVersion = 16.0.30406.217
MinimumVisualStudioVersion = 10.0.40219.1
Project("{FAE04EC0-301F-11D3-BF4B-00C04F79EFBC}") = "DotNetCoreApi", "DotNetCoreApi\DotNetCoreApi.csproj", "{194B8A25-0EB2-4D24-82D4-CADB6F4DCADA}"
EndProject
Global
	GlobalSection(SolutionConfigurationPlatforms) = preSolution
		Debug|Any CPU = Debug|Any CPU
		Release|Any CPU = Release|Any CPU
	EndGlobalSection
	GlobalSection(ProjectConfigurationPlatforms) = postSolution
		{194B8A25-0EB2-4D24-82D4-CADB6F4DCADA}.Debug|Any CPU.ActiveCfg = Debug|Any CPU
		{194B8A25-0EB2-4D24-82D4-CADB6F4DCADA}.Debug|Any CPU.Build.0 = Debug|Any CPU
		{194B8A25-0EB2-4D24-82D4-CADB6F4DCADA}.Release|Any CPU.ActiveCfg = Release|Any CPU
		{194B8A25-0EB2-4D24-82D4-CADB6F4DCADA}.Release|Any CPU.Build.0 = Release|Any CPU
	EndGlobalSection
	GlobalSection(SolutionProperties) = preSolution
		HideSolutionNode = FALSE
	EndGlobalSection
	GlobalSection(ExtensibilityGlobals) = postSolution
		SolutionGuid = {AF492ABF-7769-46FD-9C53-13EDD18669E2}
	EndGlobalSection
EndGlobal
